{
  "nodes": {
    "flake-schemas": {
      "locked": {
        "lastModified": 1697467827,
        "narHash": "sha256-j8SR19V1SRysyJwpOBF4TLuAvAjF5t+gMiboN4gYQDU=",
        "rev": "764932025c817d4e500a8d2a4d8c565563923d29",
        "revCount": 29,
        "type": "tarball",
        "url": "https://api.flakehub.com/f/pinned/DeterminateSystems/flake-schemas/0.1.2/018b3da8-4cc3-7fbb-8ff7-1588413c53e2/source.tar.gz"
      },
      "original": {
        "type": "tarball",
        "url": "https://flakehub.com/f/DeterminateSystems/flake-schemas/%2A.tar.gz"
      }
    },
    "nixpkgs": {
      "locked": {
        "lastModified": 1709479366,
        "narHash": "sha256-n6F0n8UV6lnTZbYPl1A9q1BS0p4hduAv1mGAP17CVd0=",
        "rev": "b8697e57f10292a6165a20f03d2f42920dfaf973",
        "revCount": 591063,
        "type": "tarball",
        "url": "https://api.flakehub.com/f/pinned/NixOS/nixpkgs/0.1.591063%2Brev-b8697e57f10292a6165a20f03d2f42920dfaf973/018e0b39-3c52-71b1-81e1-d90220875f22/source.tar.gz"
      },
      "original": {
        "type": "tarball",
        "url": "https://flakehub.com/f/NixOS/nixpkgs/0.1.0.tar.gz"
      }
    },
    "root": {
      "inputs": {
        "flake-schemas": "flake-schemas",
        "nixpkgs": "nixpkgs"
      }
    }
  },
  "root": "root",
  "version": 7
}
